
Microsoft Visual Studio Solution File, Format Version 12.00
# Visual Studio Version 17
VisualStudioVersion = 17.9.34728.123
MinimumVisualStudioVersion = 10.0.40219.1
Project("{FAE04EC0-301F-11D3-BF4B-00C04F79EFBC}") = "project_1", "project_1\project_1.csproj", "{F1A27A5E-BE26-4084-80DA-76165C08BFD0}"
EndProject
Project("{FAE04EC0-301F-11D3-BF4B-00C04F79EFBC}") = "projefct_2", "projefct_2\projefct_2.csproj", "{61B5AF51-C648-4769-9A94-64DBD032E6B1}"
EndProject
Global
	GlobalSection(SolutionConfigurationPlatforms) = preSolution
		Debug|Any CPU = Debug|Any CPU
		Release|Any CPU = Release|Any CPU
	EndGlobalSection
	GlobalSection(ProjectConfigurationPlatforms) = postSolution
		{F1A27A5E-BE26-4084-80DA-76165C08BFD0}.Debug|Any CPU.ActiveCfg = Debug|Any CPU
		{F1A27A5E-BE26-4084-80DA-76165C08BFD0}.Debug|Any CPU.Build.0 = Debug|Any CPU
		{F1A27A5E-BE26-4084-80DA-76165C08BFD0}.Release|Any CPU.ActiveCfg = Release|Any CPU
		{F1A27A5E-BE26-4084-80DA-76165C08BFD0}.Release|Any CPU.Build.0 = Release|Any CPU
		{61B5AF51-C648-4769-9A94-64DBD032E6B1}.Debug|Any CPU.ActiveCfg = Debug|Any CPU
		{61B5AF51-C648-4769-9A94-64DBD032E6B1}.Debug|Any CPU.Build.0 = Debug|Any CPU
		{61B5AF51-C648-4769-9A94-64DBD032E6B1}.Release|Any CPU.ActiveCfg = Release|Any CPU
		{61B5AF51-C648-4769-9A94-64DBD032E6B1}.Release|Any CPU.Build.0 = Release|Any CPU
	EndGlobalSection
	GlobalSection(SolutionProperties) = preSolution
		HideSolutionNode = FALSE
	EndGlobalSection
	GlobalSection(ExtensibilityGlobals) = postSolution
		SolutionGuid = {2D12C026-1CEA-420B-B4B7-AC96D8E345E6}
	EndGlobalSection
EndGlobal
