
Microsoft Visual Studio Solution File, Format Version 12.00
# Visual Studio Version 17
VisualStudioVersion = 17.8.34511.84
MinimumVisualStudioVersion = 10.0.40219.1
Project("{FAE04EC0-301F-11D3-BF4B-00C04F79EFBC}") = "project_1", "project_1\project_1.csproj", "{9C55083D-EFA0-4643-A806-91AFBE471DCC}"
EndProject
Project("{FAE04EC0-301F-11D3-BF4B-00C04F79EFBC}") = "project_2", "project_2\project_2.csproj", "{554CCED5-ADF7-401D-BD96-0D111BB46765}"
EndProject
Project("{FAE04EC0-301F-11D3-BF4B-00C04F79EFBC}") = "project_3", "project_3\project_3.csproj", "{6874D589-1BDE-4DB3-BD47-498D707207F9}"
EndProject
Global
	GlobalSection(SolutionConfigurationPlatforms) = preSolution
		Debug|Any CPU = Debug|Any CPU
		Release|Any CPU = Release|Any CPU
	EndGlobalSection
	GlobalSection(ProjectConfigurationPlatforms) = postSolution
		{9C55083D-EFA0-4643-A806-91AFBE471DCC}.Debug|Any CPU.ActiveCfg = Debug|Any CPU
		{9C55083D-EFA0-4643-A806-91AFBE471DCC}.Debug|Any CPU.Build.0 = Debug|Any CPU
		{9C55083D-EFA0-4643-A806-91AFBE471DCC}.Release|Any CPU.ActiveCfg = Release|Any CPU
		{9C55083D-EFA0-4643-A806-91AFBE471DCC}.Release|Any CPU.Build.0 = Release|Any CPU
		{554CCED5-ADF7-401D-BD96-0D111BB46765}.Debug|Any CPU.ActiveCfg = Debug|Any CPU
		{554CCED5-ADF7-401D-BD96-0D111BB46765}.Debug|Any CPU.Build.0 = Debug|Any CPU
		{554CCED5-ADF7-401D-BD96-0D111BB46765}.Release|Any CPU.ActiveCfg = Release|Any CPU
		{554CCED5-ADF7-401D-BD96-0D111BB46765}.Release|Any CPU.Build.0 = Release|Any CPU
		{6874D589-1BDE-4DB3-BD47-498D707207F9}.Debug|Any CPU.ActiveCfg = Debug|Any CPU
		{6874D589-1BDE-4DB3-BD47-498D707207F9}.Debug|Any CPU.Build.0 = Debug|Any CPU
		{6874D589-1BDE-4DB3-BD47-498D707207F9}.Release|Any CPU.ActiveCfg = Release|Any CPU
		{6874D589-1BDE-4DB3-BD47-498D707207F9}.Release|Any CPU.Build.0 = Release|Any CPU
	EndGlobalSection
	GlobalSection(SolutionProperties) = preSolution
		HideSolutionNode = FALSE
	EndGlobalSection
	GlobalSection(ExtensibilityGlobals) = postSolution
		SolutionGuid = {013EDB2A-23AB-499F-BF60-9E95C130702D}
	EndGlobalSection
EndGlobal
