
Microsoft Visual Studio Solution File, Format Version 12.00
# Visual Studio Version 17
VisualStudioVersion = 17.9.34728.123
MinimumVisualStudioVersion = 10.0.40219.1
Project("{FAE04EC0-301F-11D3-BF4B-00C04F79EFBC}") = "project_1", "project_1\project_1.csproj", "{F213D0D7-D2A4-4285-82CC-FFAC08E19150}"
EndProject
Project("{FAE04EC0-301F-11D3-BF4B-00C04F79EFBC}") = "project_2", "project_2\project_2.csproj", "{D7AC8B24-5DBE-4EE8-989F-9CF1F0C7C3C6}"
EndProject
Project("{FAE04EC0-301F-11D3-BF4B-00C04F79EFBC}") = "project_3", "project_3\project_3.csproj", "{27397A1B-5CFF-4ADD-A4F1-0FA8454AE010}"
EndProject
Global
	GlobalSection(SolutionConfigurationPlatforms) = preSolution
		Debug|Any CPU = Debug|Any CPU
		Release|Any CPU = Release|Any CPU
	EndGlobalSection
	GlobalSection(ProjectConfigurationPlatforms) = postSolution
		{F213D0D7-D2A4-4285-82CC-FFAC08E19150}.Debug|Any CPU.ActiveCfg = Debug|Any CPU
		{F213D0D7-D2A4-4285-82CC-FFAC08E19150}.Debug|Any CPU.Build.0 = Debug|Any CPU
		{F213D0D7-D2A4-4285-82CC-FFAC08E19150}.Release|Any CPU.ActiveCfg = Release|Any CPU
		{F213D0D7-D2A4-4285-82CC-FFAC08E19150}.Release|Any CPU.Build.0 = Release|Any CPU
		{D7AC8B24-5DBE-4EE8-989F-9CF1F0C7C3C6}.Debug|Any CPU.ActiveCfg = Debug|Any CPU
		{D7AC8B24-5DBE-4EE8-989F-9CF1F0C7C3C6}.Debug|Any CPU.Build.0 = Debug|Any CPU
		{D7AC8B24-5DBE-4EE8-989F-9CF1F0C7C3C6}.Release|Any CPU.ActiveCfg = Release|Any CPU
		{D7AC8B24-5DBE-4EE8-989F-9CF1F0C7C3C6}.Release|Any CPU.Build.0 = Release|Any CPU
		{27397A1B-5CFF-4ADD-A4F1-0FA8454AE010}.Debug|Any CPU.ActiveCfg = Debug|Any CPU
		{27397A1B-5CFF-4ADD-A4F1-0FA8454AE010}.Debug|Any CPU.Build.0 = Debug|Any CPU
		{27397A1B-5CFF-4ADD-A4F1-0FA8454AE010}.Release|Any CPU.ActiveCfg = Release|Any CPU
		{27397A1B-5CFF-4ADD-A4F1-0FA8454AE010}.Release|Any CPU.Build.0 = Release|Any CPU
	EndGlobalSection
	GlobalSection(SolutionProperties) = preSolution
		HideSolutionNode = FALSE
	EndGlobalSection
	GlobalSection(ExtensibilityGlobals) = postSolution
		SolutionGuid = {6A30B1FD-DE6F-44F5-9F01-B1243613C9B1}
	EndGlobalSection
EndGlobal
