
Microsoft Visual Studio Solution File, Format Version 12.00
# Visual Studio Version 17
VisualStudioVersion = 17.8.34511.84
MinimumVisualStudioVersion = 10.0.40219.1
Project("{FAE04EC0-301F-11D3-BF4B-00C04F79EFBC}") = "project_1", "project_1\project_1.csproj", "{41DDEF5E-D69A-4589-AC0A-074829108677}"
EndProject
Project("{FAE04EC0-301F-11D3-BF4B-00C04F79EFBC}") = "project_2", "project_2\project_2.csproj", "{A6403E1B-801C-495F-B2F9-AA16169B1414}"
EndProject
Project("{FAE04EC0-301F-11D3-BF4B-00C04F79EFBC}") = "project_3", "project_3\project_3.csproj", "{5398B27A-B7D0-4456-9E28-26D11790ED68}"
EndProject
Project("{FAE04EC0-301F-11D3-BF4B-00C04F79EFBC}") = "project_4", "project_4\project_4.csproj", "{C79C4A72-994B-44E8-A876-5CB575C001C8}"
EndProject
Global
	GlobalSection(SolutionConfigurationPlatforms) = preSolution
		Debug|Any CPU = Debug|Any CPU
		Release|Any CPU = Release|Any CPU
	EndGlobalSection
	GlobalSection(ProjectConfigurationPlatforms) = postSolution
		{41DDEF5E-D69A-4589-AC0A-074829108677}.Debug|Any CPU.ActiveCfg = Debug|Any CPU
		{41DDEF5E-D69A-4589-AC0A-074829108677}.Debug|Any CPU.Build.0 = Debug|Any CPU
		{41DDEF5E-D69A-4589-AC0A-074829108677}.Release|Any CPU.ActiveCfg = Release|Any CPU
		{41DDEF5E-D69A-4589-AC0A-074829108677}.Release|Any CPU.Build.0 = Release|Any CPU
		{A6403E1B-801C-495F-B2F9-AA16169B1414}.Debug|Any CPU.ActiveCfg = Debug|Any CPU
		{A6403E1B-801C-495F-B2F9-AA16169B1414}.Debug|Any CPU.Build.0 = Debug|Any CPU
		{A6403E1B-801C-495F-B2F9-AA16169B1414}.Release|Any CPU.ActiveCfg = Release|Any CPU
		{A6403E1B-801C-495F-B2F9-AA16169B1414}.Release|Any CPU.Build.0 = Release|Any CPU
		{5398B27A-B7D0-4456-9E28-26D11790ED68}.Debug|Any CPU.ActiveCfg = Debug|Any CPU
		{5398B27A-B7D0-4456-9E28-26D11790ED68}.Debug|Any CPU.Build.0 = Debug|Any CPU
		{5398B27A-B7D0-4456-9E28-26D11790ED68}.Release|Any CPU.ActiveCfg = Release|Any CPU
		{5398B27A-B7D0-4456-9E28-26D11790ED68}.Release|Any CPU.Build.0 = Release|Any CPU
		{C79C4A72-994B-44E8-A876-5CB575C001C8}.Debug|Any CPU.ActiveCfg = Debug|Any CPU
		{C79C4A72-994B-44E8-A876-5CB575C001C8}.Debug|Any CPU.Build.0 = Debug|Any CPU
		{C79C4A72-994B-44E8-A876-5CB575C001C8}.Release|Any CPU.ActiveCfg = Release|Any CPU
		{C79C4A72-994B-44E8-A876-5CB575C001C8}.Release|Any CPU.Build.0 = Release|Any CPU
	EndGlobalSection
	GlobalSection(SolutionProperties) = preSolution
		HideSolutionNode = FALSE
	EndGlobalSection
	GlobalSection(ExtensibilityGlobals) = postSolution
		SolutionGuid = {2D5A659E-38B9-46D9-A339-F40B3F5331F6}
	EndGlobalSection
EndGlobal
